Microsoft Visual Studio Solution File, Format Version 12.00
# Visual Studio Version 17
VisualStudioVersion = 17.5.2.0
MinimumVisualStudioVersion = 10.0.40219.1
Project("{FAE04EC0-301F-11D3-BF4B-00C04F79EFBC}") = "task-api", "task-api.csproj", "{A5378E1F-E264-49D7-0F11-8587E220792C}"
EndProject
Global
	GlobalSection(SolutionConfigurationPlatforms) = preSolution
		Debug|Any CPU = Debug|Any CPU
		Release|Any CPU = Release|Any CPU
	EndGlobalSection
	GlobalSection(ProjectConfigurationPlatforms) = postSolution
		{A5378E1F-E264-49D7-0F11-8587E220792C}.Debug|Any CPU.ActiveCfg = Debug|Any CPU
		{A5378E1F-E264-49D7-0F11-8587E220792C}.Debug|Any CPU.Build.0 = Debug|Any CPU
		{A5378E1F-E264-49D7-0F11-8587E220792C}.Release|Any CPU.ActiveCfg = Release|Any CPU
		{A5378E1F-E264-49D7-0F11-8587E220792C}.Release|Any CPU.Build.0 = Release|Any CPU
	EndGlobalSection
	GlobalSection(SolutionProperties) = preSolution
		HideSolutionNode = FALSE
	EndGlobalSection
	GlobalSection(ExtensibilityGlobals) = postSolution
		SolutionGuid = {5138E80C-4777-4B2E-839A-F45453D524E0}
	EndGlobalSection
EndGlobal
